{
    "name": "petship_api",
    "lockfileVersion": 2,
    "requires": true,
    "packages": {
        "": {
            "devDependencies": {
                "axios": "^1.1.2",
                "laravel-vite-plugin": "^0.7.2",
                "lodash": "^4.17.19",
                "postcss": "^8.1.14",
                "vite": "^4.0.0"
            }
        },
        "node_modules/@esbuild/win32-x64": {
            "version": "0.17.18",
            "resolved": "https://registry.npmjs.org/@esbuild/win32-x64/-/win32-x64-0.17.18.tgz",
            "integrity": "sha512-qU25Ma1I3NqTSHJUOKi9sAH1/Mzuvlke0ioMJRthLXKm7JiSKVwFghlGbDLOO2sARECGhja4xYfRAZNPAkooYg==",
            "cpu": [
                "x64"
            ],
            "dev": true,
            "optional": true,
            "os": [
                "win32"
            ],
            "engines": {
                "node": ">=12"
            }
        },
        "node_modules/@redis/bloom": {
            "version": "1.2.0",
            "resolved": "https://registry.npmjs.org/@redis/bloom/-/bloom-1.2.0.tgz",
            "integrity": "sha512-HG2DFjYKbpNmVXsa0keLHp/3leGJz1mjh09f2RLGGLQZzSHpkmZWuwJbAvo3QcRY8p80m5+ZdXZdYOSBLlp7Cg==",
            "peerDependencies": {
                "@redis/client": "^1.0.0"
            }
        },
        "node_modules/@redis/client": {
            "version": "1.5.7",
            "resolved": "https://registry.npmjs.org/@redis/client/-/client-1.5.7.tgz",
            "integrity": "sha512-gaOBOuJPjK5fGtxSseaKgSvjiZXQCdLlGg9WYQst+/GRUjmXaiB5kVkeQMRtPc7Q2t93XZcJfBMSwzs/XS9UZw==",
            "dependencies": {
                "cluster-key-slot": "1.1.2",
                "generic-pool": "3.9.0",
                "yallist": "4.0.0"
            },
            "engines": {
                "node": ">=14"
            }
        },
        "node_modules/@redis/graph": {
            "version": "1.1.0",
            "resolved": "https://registry.npmjs.org/@redis/graph/-/graph-1.1.0.tgz",
            "integrity": "sha512-16yZWngxyXPd+MJxeSr0dqh2AIOi8j9yXKcKCwVaKDbH3HTuETpDVPcLujhFYVPtYrngSco31BUcSa9TH31Gqg==",
            "peerDependencies": {
                "@redis/client": "^1.0.0"
            }
        },
        "node_modules/@redis/json": {
            "version": "1.0.4",
            "resolved": "https://registry.npmjs.org/@redis/json/-/json-1.0.4.tgz",
            "integrity": "sha512-LUZE2Gdrhg0Rx7AN+cZkb1e6HjoSKaeeW8rYnt89Tly13GBI5eP4CwDVr+MY8BAYfCg4/N15OUrtLoona9uSgw==",
            "peerDependencies": {
                "@redis/client": "^1.0.0"
            }
        },
        "node_modules/@redis/search": {
            "version": "1.1.2",
            "resolved": "https://registry.npmjs.org/@redis/search/-/search-1.1.2.tgz",
            "integrity": "sha512-/cMfstG/fOh/SsE+4/BQGeuH/JJloeWuH+qJzM8dbxuWvdWibWAOAHHCZTMPhV3xIlH4/cUEIA8OV5QnYpaVoA==",
            "peerDependencies": {
                "@redis/client": "^1.0.0"
            }
        },
        "node_modules/@redis/time-series": {
            "version": "1.0.4",
            "resolved": "https://registry.npmjs.org/@redis/time-series/-/time-series-1.0.4.tgz",
            "integrity": "sha512-ThUIgo2U/g7cCuZavucQTQzA9g9JbDDY2f64u3AbAoz/8vE2lt2U37LamDUVChhaDA3IRT9R6VvJwqnUfTJzng==",
            "peerDependencies": {
                "@redis/client": "^1.0.0"
            }
        },
        "node_modules/@types/node": {
            "version": "14.18.43",
            "resolved": "https://registry.npmjs.org/@types/node/-/node-14.18.43.tgz",
            "integrity": "sha512-n3eFEaoem0WNwLux+k272P0+aq++5o05bA9CfiwKPdYPB5ZambWKdWoeHy7/OJiizMhzg27NLaZ6uzjLTzXceQ==",
            "dev": true,
            "optional": true,
            "peer": true
        },
        "node_modules/asynckit": {
            "version": "0.4.0",
            "resolved": "https://registry.npmjs.org/asynckit/-/asynckit-0.4.0.tgz",
            "integrity": "sha512-Oei9OH4tRh0YqU3GxhX79dM/mwVgvbZJaSNaRk+bshkj0S5cfHcgYakreBjrHwatXKbz+IoIdYLxrKim2MjW0Q==",
            "dev": true
        },
        "node_modules/axios": {
            "version": "1.4.0",
            "resolved": "https://registry.npmjs.org/axios/-/axios-1.4.0.tgz",
            "integrity": "sha512-S4XCWMEmzvo64T9GfvQDOXgYRDJ/wsSZc7Jvdgx5u1sd0JwsuPLqb3SYmusag+edF6ziyMensPVqLTSc1PiSEA==",
            "dev": true,
            "dependencies": {
                "follow-redirects": "^1.15.0",
                "form-data": "^4.0.0",
                "proxy-from-env": "^1.1.0"
            }
        },
        "node_modules/cluster-key-slot": {
            "version": "1.1.2",
            "resolved": "https://registry.npmjs.org/cluster-key-slot/-/cluster-key-slot-1.1.2.tgz",
            "integrity": "sha512-RMr0FhtfXemyinomL4hrWcYJxmX6deFdCxpJzhDttxgO1+bcCnkk+9drydLVDmAMG7NE6aN/fl4F7ucU/90gAA==",
            "engines": {
                "node": ">=0.10.0"
            }
        },
        "node_modules/combined-stream": {
            "version": "1.0.8",
            "resolved": "https://registry.npmjs.org/combined-stream/-/combined-stream-1.0.8.tgz",
            "integrity": "sha512-FQN4MRfuJeHf7cBbBMJFXhKSDq+2kAArBlmRBvcvFE5BB1HZKXtSFASDhdlz9zOYwxh8lDdnvmMOe/+5cdoEdg==",
            "dev": true,
            "dependencies": {
                "delayed-stream": "~1.0.0"
            },
            "engines": {
                "node": ">= 0.8"
            }
        },
        "node_modules/delayed-stream": {
            "version": "1.0.0",
            "resolved": "https://registry.npmjs.org/delayed-stream/-/delayed-stream-1.0.0.tgz",
            "integrity": "sha512-ZySD7Nf91aLB0RxL4KGrKHBXl7Eds1DAmEdcoVawXnLD7SDhpNgtuII2aAkg7a7QS41jxPSZ17p4VdGnMHk3MQ==",
            "dev": true,
            "engines": {
                "node": ">=0.4.0"
            }
        },
        "node_modules/esbuild": {
            "version": "0.17.18",
            "resolved": "https://registry.npmjs.org/esbuild/-/esbuild-0.17.18.tgz",
            "integrity": "sha512-z1lix43jBs6UKjcZVKOw2xx69ffE2aG0PygLL5qJ9OS/gy0Ewd1gW/PUQIOIQGXBHWNywSc0floSKoMFF8aK2w==",
            "dev": true,
            "hasInstallScript": true,
            "bin": {
                "esbuild": "bin/esbuild"
            },
            "engines": {
                "node": ">=12"
            },
            "optionalDependencies": {
                "@esbuild/android-arm": "0.17.18",
                "@esbuild/android-arm64": "0.17.18",
                "@esbuild/android-x64": "0.17.18",
                "@esbuild/darwin-arm64": "0.17.18",
                "@esbuild/darwin-x64": "0.17.18",
                "@esbuild/freebsd-arm64": "0.17.18",
                "@esbuild/freebsd-x64": "0.17.18",
                "@esbuild/linux-arm": "0.17.18",
                "@esbuild/linux-arm64": "0.17.18",
                "@esbuild/linux-ia32": "0.17.18",
                "@esbuild/linux-loong64": "0.17.18",
                "@esbuild/linux-mips64el": "0.17.18",
                "@esbuild/linux-ppc64": "0.17.18",
                "@esbuild/linux-riscv64": "0.17.18",
                "@esbuild/linux-s390x": "0.17.18",
                "@esbuild/linux-x64": "0.17.18",
                "@esbuild/netbsd-x64": "0.17.18",
                "@esbuild/openbsd-x64": "0.17.18",
                "@esbuild/sunos-x64": "0.17.18",
                "@esbuild/win32-arm64": "0.17.18",
                "@esbuild/win32-ia32": "0.17.18",
                "@esbuild/win32-x64": "0.17.18"
            }
        },
        "node_modules/follow-redirects": {
            "version": "1.15.2",
            "resolved": "https://registry.npmjs.org/follow-redirects/-/follow-redirects-1.15.2.tgz",
            "integrity": "sha512-VQLG33o04KaQ8uYi2tVNbdrWp1QWxNNea+nmIB4EVM28v0hmP17z7aG1+wAkNzVq4KeXTq3221ye5qTJP91JwA==",
            "dev": true,
            "funding": [
                {
                    "type": "individual",
                    "url": "https://github.com/sponsors/RubenVerborgh"
                }
            ],
            "engines": {
                "node": ">=4.0"
            },
            "peerDependenciesMeta": {
                "debug": {
                    "optional": true
                }
            }
        },
        "node_modules/form-data": {
            "version": "4.0.0",
            "resolved": "https://registry.npmjs.org/form-data/-/form-data-4.0.0.tgz",
            "integrity": "sha512-ETEklSGi5t0QMZuiXoA/Q6vcnxcLQP5vdugSpuAyi6SVGi2clPPp+xgEhuMaHC+zGgn31Kd235W35f7Hykkaww==",
            "dev": true,
            "dependencies": {
                "asynckit": "^0.4.0",
                "combined-stream": "^1.0.8",
                "mime-types": "^2.1.12"
            },
            "engines": {
                "node": ">= 6"
            }
        },
        "node_modules/generic-pool": {
            "version": "3.9.0",
            "resolved": "https://registry.npmjs.org/generic-pool/-/generic-pool-3.9.0.tgz",
            "integrity": "sha512-hymDOu5B53XvN4QT9dBmZxPX4CWhBPPLguTZ9MMFeFa/Kg0xWVfylOVNlJji/E7yTZWFd/q9GO5TxDLq156D7g==",
            "engines": {
                "node": ">= 4"
            }
        },
        "node_modules/laravel-echo": {
            "version": "1.15.1",
            "resolved": "https://registry.npmjs.org/laravel-echo/-/laravel-echo-1.15.1.tgz",
            "integrity": "sha512-rW9XTXqs1v3sgcSFz7aE3/MPa2lfZjnsV/hrjyS/VYecQAx1lSP0hg3KumuR6ftkeneM093tVvTkRyKFumSyXg==",
            "engines": {
                "node": ">=10"
            }
        },
        "node_modules/laravel-vite-plugin": {
            "version": "0.7.4",
            "resolved": "https://registry.npmjs.org/laravel-vite-plugin/-/laravel-vite-plugin-0.7.4.tgz",
            "integrity": "sha512-NlIuXbeuI+4NZzRpWNpGHRVTwuFWessvD7QoD+o2MlyAi7qyUS4J8r4/yTlu1dl9lxcR7iKoYUmHQqZDcrw2KA==",
            "dev": true,
            "dependencies": {
                "picocolors": "^1.0.0",
                "vite-plugin-full-reload": "^1.0.5"
            },
            "engines": {
                "node": ">=14"
            },
            "peerDependencies": {
                "vite": "^3.0.0 || ^4.0.0"
            }
        },
        "node_modules/lodash": {
            "version": "4.17.21",
            "resolved": "https://registry.npmjs.org/lodash/-/lodash-4.17.21.tgz",
            "integrity": "sha512-v2kDEe57lecTulaDIuNTPy3Ry4gLGJ6Z1O3vE1krgXZNrsQ+LFTGHVxVjcXPs17LhbZVGedAJv8XZ1tvj5FvSg==",
            "dev": true
        },
        "node_modules/mime-db": {
            "version": "1.52.0",
            "resolved": "https://registry.npmjs.org/mime-db/-/mime-db-1.52.0.tgz",
            "integrity": "sha512-sPU4uV7dYlvtWJxwwxHD0PuihVNiE7TyAbQ5SWxDCB9mUYvOgroQOwYQQOKPJ8CIbE+1ETVlOoK1UC2nU3gYvg==",
            "dev": true,
            "engines": {
                "node": ">= 0.6"
            }
        },
        "node_modules/mime-types": {
            "version": "2.1.35",
            "resolved": "https://registry.npmjs.org/mime-types/-/mime-types-2.1.35.tgz",
            "integrity": "sha512-ZDY+bPm5zTTF+YpCrAU9nK0UgICYPT0QtT1NZWFv4s++TNkcgVaT0g6+4R2uI4MjQjzysHB1zxuWL50hzaeXiw==",
            "dev": true,
            "dependencies": {
                "mime-db": "1.52.0"
            },
            "engines": {
                "node": ">= 0.6"
            }
        },
        "node_modules/nanoid": {
            "version": "3.3.6",
            "resolved": "https://registry.npmjs.org/nanoid/-/nanoid-3.3.6.tgz",
            "integrity": "sha512-BGcqMMJuToF7i1rt+2PWSNVnWIkGCU78jBG3RxO/bZlnZPK2Cmi2QaffxGO/2RvWi9sL+FAiRiXMgsyxQ1DIDA==",
            "dev": true,
            "funding": [
                {
                    "type": "github",
                    "url": "https://github.com/sponsors/ai"
                }
            ],
            "bin": {
                "nanoid": "bin/nanoid.cjs"
            },
            "engines": {
                "node": "^10 || ^12 || ^13.7 || ^14 || >=15.0.1"
            }
        },
        "node_modules/picocolors": {
            "version": "1.0.0",
            "resolved": "https://registry.npmjs.org/picocolors/-/picocolors-1.0.0.tgz",
            "integrity": "sha512-1fygroTLlHu66zi26VoTDv8yRgm0Fccecssto+MhsZ0D/DGW2sm8E8AjW7NU5VVTRt5GxbeZ5qBuJr+HyLYkjQ==",
            "dev": true
        },
        "node_modules/picomatch": {
            "version": "2.3.1",
            "resolved": "https://registry.npmjs.org/picomatch/-/picomatch-2.3.1.tgz",
            "integrity": "sha512-JU3teHTNjmE2VCGFzuY8EXzCDVwEqB2a8fsIvwaStHhAWJEeVd1o1QD80CU6+ZdEXXSLbSsuLwJjkCBWqRQUVA==",
            "dev": true,
            "engines": {
                "node": ">=8.6"
            },
            "funding": {
                "url": "https://github.com/sponsors/jonschlinkert"
            }
        },
        "node_modules/postcss": {
            "version": "8.4.23",
            "resolved": "https://registry.npmjs.org/postcss/-/postcss-8.4.23.tgz",
            "integrity": "sha512-bQ3qMcpF6A/YjR55xtoTr0jGOlnPOKAIMdOWiv0EIT6HVPEaJiJB4NLljSbiHoC2RX7DN5Uvjtpbg1NPdwv1oA==",
            "dev": true,
            "funding": [
                {
                    "type": "opencollective",
                    "url": "https://opencollective.com/postcss/"
                },
                {
                    "type": "tidelift",
                    "url": "https://tidelift.com/funding/github/npm/postcss"
                },
                {
                    "type": "github",
                    "url": "https://github.com/sponsors/ai"
                }
            ],
            "dependencies": {
                "nanoid": "^3.3.6",
                "picocolors": "^1.0.0",
                "source-map-js": "^1.0.2"
            },
            "engines": {
                "node": "^10 || ^12 || >=14"
            }
        },
        "node_modules/promise-queue": {
            "version": "2.2.5",
            "resolved": "https://registry.npmjs.org/promise-queue/-/promise-queue-2.2.5.tgz",
            "integrity": "sha512-p/iXrPSVfnqPft24ZdNNLECw/UrtLTpT3jpAAMzl/o5/rDsGCPo3/CQS2611flL6LkoEJ3oQZw7C8Q80ZISXRQ==",
            "engines": {
                "node": ">= 0.8.0"
            }
        },
        "node_modules/proxy-from-env": {
            "version": "1.1.0",
            "resolved": "https://registry.npmjs.org/proxy-from-env/-/proxy-from-env-1.1.0.tgz",
            "integrity": "sha512-D+zkORCbA9f1tdWRK0RaCR3GPv50cMxcrz4X8k5LTSUD1Dkw47mKJEZQNunItRTkWwgtaUSo1RVFRIG9ZXiFYg==",
            "dev": true
        },
        "node_modules/redis": {
            "version": "4.6.6",
            "resolved": "https://registry.npmjs.org/redis/-/redis-4.6.6.tgz",
            "integrity": "sha512-aLs2fuBFV/VJ28oLBqYykfnhGGkFxvx0HdCEBYdJ99FFbSEMZ7c1nVKwR6ZRv+7bb7JnC0mmCzaqu8frgOYhpA==",
            "dependencies": {
                "@redis/bloom": "1.2.0",
                "@redis/client": "1.5.7",
                "@redis/graph": "1.1.0",
                "@redis/json": "1.0.4",
                "@redis/search": "1.1.2",
                "@redis/time-series": "1.0.4"
            }
        },
        "node_modules/redis-server": {
            "version": "1.2.2",
            "resolved": "https://registry.npmjs.org/redis-server/-/redis-server-1.2.2.tgz",
            "integrity": "sha512-pOaSIeSMVFkEFIuaMtpQ3TOr3uI4sUmEHm4ofGks5vTPRseHUszxyIlC70IFjUR9qSeH8o/ARZEM8dqcJmgGJw==",
            "dependencies": {
                "promise-queue": "^2.2.5"
            },
            "engines": {
                "node": ">=4.0.0"
            }
        },
        "node_modules/rollup": {
            "version": "3.21.3",
            "resolved": "https://registry.npmjs.org/rollup/-/rollup-3.21.3.tgz",
            "integrity": "sha512-VnPfEG51nIv2xPLnZaekkuN06q9ZbnyDcLkaBdJa/W7UddyhOfMP2yOPziYQfeY7k++fZM8FdQIummFN5y14kA==",
            "dev": true,
            "bin": {
                "rollup": "dist/bin/rollup"
            },
            "engines": {
                "node": ">=14.18.0",
                "npm": ">=8.0.0"
            },
            "optionalDependencies": {
                "fsevents": "~2.3.2"
            }
        },
        "node_modules/source-map-js": {
            "version": "1.0.2",
            "resolved": "https://registry.npmjs.org/source-map-js/-/source-map-js-1.0.2.tgz",
            "integrity": "sha512-R0XvVJ9WusLiqTCEiGCmICCMplcCkIwwR11mOSD9CR5u+IXYdiseeEuXCVAjS54zqwkLcPNnmU4OeJ6tUrWhDw==",
            "dev": true,
            "engines": {
                "node": ">=0.10.0"
            }
        },
        "node_modules/vite": {
            "version": "4.3.4",
            "resolved": "https://registry.npmjs.org/vite/-/vite-4.3.4.tgz",
            "integrity": "sha512-f90aqGBoxSFxWph2b39ae2uHAxm5jFBBdnfueNxZAT1FTpM13ccFQExCaKbR2xFW5atowjleRniQ7onjJ22QEg==",
            "dev": true,
            "dependencies": {
                "esbuild": "^0.17.5",
                "postcss": "^8.4.23",
                "rollup": "^3.21.0"
            },
            "bin": {
                "vite": "bin/vite.js"
            },
            "engines": {
                "node": "^14.18.0 || >=16.0.0"
            },
            "optionalDependencies": {
                "fsevents": "~2.3.2"
            },
            "peerDependencies": {
                "@types/node": ">= 14",
                "less": "*",
                "sass": "*",
                "stylus": "*",
                "sugarss": "*",
                "terser": "^5.4.0"
            },
            "peerDependenciesMeta": {
                "@types/node": {
                    "optional": true
                },
                "less": {
                    "optional": true
                },
                "sass": {
                    "optional": true
                },
                "stylus": {
                    "optional": true
                },
                "sugarss": {
                    "optional": true
                },
                "terser": {
                    "optional": true
                }
            }
        },
        "node_modules/vite-plugin-full-reload": {
            "version": "1.0.5",
            "resolved": "https://registry.npmjs.org/vite-plugin-full-reload/-/vite-plugin-full-reload-1.0.5.tgz",
            "integrity": "sha512-kVZFDFWr0DxiHn6MuDVTQf7gnWIdETGlZh0hvTiMXzRN80vgF4PKbONSq8U1d0WtHsKaFODTQgJeakLacoPZEQ==",
            "dev": true,
            "dependencies": {
                "picocolors": "^1.0.0",
                "picomatch": "^2.3.1"
            },
            "peerDependencies": {
                "vite": "^2 || ^3 || ^4"
            }
        },
        "node_modules/yallist": {
            "version": "4.0.0",
            "resolved": "https://registry.npmjs.org/yallist/-/yallist-4.0.0.tgz",
            "integrity": "sha512-3wdGidZyq5PB084XLES5TpOSRA3wjXAlIWMhum2kRcv/41Sn2emQ0dycQW4uZXLejwKvg6EsvbdlVL+FYEct7A=="
        }
    },
    "dependencies": {
        "@esbuild/win32-x64": {
            "version": "0.17.18",
            "resolved": "https://registry.npmjs.org/@esbuild/win32-x64/-/win32-x64-0.17.18.tgz",
            "integrity": "sha512-qU25Ma1I3NqTSHJUOKi9sAH1/Mzuvlke0ioMJRthLXKm7JiSKVwFghlGbDLOO2sARECGhja4xYfRAZNPAkooYg==",
            "dev": true,
            "optional": true
        },
        "@redis/bloom": {
            "version": "1.2.0",
            "resolved": "https://registry.npmjs.org/@redis/bloom/-/bloom-1.2.0.tgz",
            "integrity": "sha512-HG2DFjYKbpNmVXsa0keLHp/3leGJz1mjh09f2RLGGLQZzSHpkmZWuwJbAvo3QcRY8p80m5+ZdXZdYOSBLlp7Cg==",
            "requires": {}
        },
        "@redis/client": {
            "version": "1.5.7",
            "resolved": "https://registry.npmjs.org/@redis/client/-/client-1.5.7.tgz",
            "integrity": "sha512-gaOBOuJPjK5fGtxSseaKgSvjiZXQCdLlGg9WYQst+/GRUjmXaiB5kVkeQMRtPc7Q2t93XZcJfBMSwzs/XS9UZw==",
            "requires": {
                "cluster-key-slot": "1.1.2",
                "generic-pool": "3.9.0",
                "yallist": "4.0.0"
            }
        },
        "@redis/graph": {
            "version": "1.1.0",
            "resolved": "https://registry.npmjs.org/@redis/graph/-/graph-1.1.0.tgz",
            "integrity": "sha512-16yZWngxyXPd+MJxeSr0dqh2AIOi8j9yXKcKCwVaKDbH3HTuETpDVPcLujhFYVPtYrngSco31BUcSa9TH31Gqg==",
            "requires": {}
        },
        "@redis/json": {
            "version": "1.0.4",
            "resolved": "https://registry.npmjs.org/@redis/json/-/json-1.0.4.tgz",
            "integrity": "sha512-LUZE2Gdrhg0Rx7AN+cZkb1e6HjoSKaeeW8rYnt89Tly13GBI5eP4CwDVr+MY8BAYfCg4/N15OUrtLoona9uSgw==",
            "requires": {}
        },
        "@redis/search": {
            "version": "1.1.2",
            "resolved": "https://registry.npmjs.org/@redis/search/-/search-1.1.2.tgz",
            "integrity": "sha512-/cMfstG/fOh/SsE+4/BQGeuH/JJloeWuH+qJzM8dbxuWvdWibWAOAHHCZTMPhV3xIlH4/cUEIA8OV5QnYpaVoA==",
            "requires": {}
        },
        "@redis/time-series": {
            "version": "1.0.4",
            "resolved": "https://registry.npmjs.org/@redis/time-series/-/time-series-1.0.4.tgz",
            "integrity": "sha512-ThUIgo2U/g7cCuZavucQTQzA9g9JbDDY2f64u3AbAoz/8vE2lt2U37LamDUVChhaDA3IRT9R6VvJwqnUfTJzng==",
            "requires": {}
        },
        "@types/node": {
            "version": "14.18.43",
            "resolved": "https://registry.npmjs.org/@types/node/-/node-14.18.43.tgz",
            "integrity": "sha512-n3eFEaoem0WNwLux+k272P0+aq++5o05bA9CfiwKPdYPB5ZambWKdWoeHy7/OJiizMhzg27NLaZ6uzjLTzXceQ==",
            "dev": true,
            "optional": true,
            "peer": true
        },
        "asynckit": {
            "version": "0.4.0",
            "resolved": "https://registry.npmjs.org/asynckit/-/asynckit-0.4.0.tgz",
            "integrity": "sha512-Oei9OH4tRh0YqU3GxhX79dM/mwVgvbZJaSNaRk+bshkj0S5cfHcgYakreBjrHwatXKbz+IoIdYLxrKim2MjW0Q==",
            "dev": true
        },
        "axios": {
            "version": "1.4.0",
            "resolved": "https://registry.npmjs.org/axios/-/axios-1.4.0.tgz",
            "integrity": "sha512-S4XCWMEmzvo64T9GfvQDOXgYRDJ/wsSZc7Jvdgx5u1sd0JwsuPLqb3SYmusag+edF6ziyMensPVqLTSc1PiSEA==",
            "dev": true,
            "requires": {
                "follow-redirects": "^1.15.0",
                "form-data": "^4.0.0",
                "proxy-from-env": "^1.1.0"
            }
        },
        "cluster-key-slot": {
            "version": "1.1.2",
            "resolved": "https://registry.npmjs.org/cluster-key-slot/-/cluster-key-slot-1.1.2.tgz",
            "integrity": "sha512-RMr0FhtfXemyinomL4hrWcYJxmX6deFdCxpJzhDttxgO1+bcCnkk+9drydLVDmAMG7NE6aN/fl4F7ucU/90gAA=="
        },
        "combined-stream": {
            "version": "1.0.8",
            "resolved": "https://registry.npmjs.org/combined-stream/-/combined-stream-1.0.8.tgz",
            "integrity": "sha512-FQN4MRfuJeHf7cBbBMJFXhKSDq+2kAArBlmRBvcvFE5BB1HZKXtSFASDhdlz9zOYwxh8lDdnvmMOe/+5cdoEdg==",
            "dev": true,
            "requires": {
                "delayed-stream": "~1.0.0"
            }
        },
        "delayed-stream": {
            "version": "1.0.0",
            "resolved": "https://registry.npmjs.org/delayed-stream/-/delayed-stream-1.0.0.tgz",
            "integrity": "sha512-ZySD7Nf91aLB0RxL4KGrKHBXl7Eds1DAmEdcoVawXnLD7SDhpNgtuII2aAkg7a7QS41jxPSZ17p4VdGnMHk3MQ==",
            "dev": true
        },
        "esbuild": {
            "version": "0.17.18",
            "resolved": "https://registry.npmjs.org/esbuild/-/esbuild-0.17.18.tgz",
            "integrity": "sha512-z1lix43jBs6UKjcZVKOw2xx69ffE2aG0PygLL5qJ9OS/gy0Ewd1gW/PUQIOIQGXBHWNywSc0floSKoMFF8aK2w==",
            "dev": true,
            "requires": {
                "@esbuild/android-arm": "0.17.18",
                "@esbuild/android-arm64": "0.17.18",
                "@esbuild/android-x64": "0.17.18",
                "@esbuild/darwin-arm64": "0.17.18",
                "@esbuild/darwin-x64": "0.17.18",
                "@esbuild/freebsd-arm64": "0.17.18",
                "@esbuild/freebsd-x64": "0.17.18",
                "@esbuild/linux-arm": "0.17.18",
                "@esbuild/linux-arm64": "0.17.18",
                "@esbuild/linux-ia32": "0.17.18",
                "@esbuild/linux-loong64": "0.17.18",
                "@esbuild/linux-mips64el": "0.17.18",
                "@esbuild/linux-ppc64": "0.17.18",
                "@esbuild/linux-riscv64": "0.17.18",
                "@esbuild/linux-s390x": "0.17.18",
                "@esbuild/linux-x64": "0.17.18",
                "@esbuild/netbsd-x64": "0.17.18",
                "@esbuild/openbsd-x64": "0.17.18",
                "@esbuild/sunos-x64": "0.17.18",
                "@esbuild/win32-arm64": "0.17.18",
                "@esbuild/win32-ia32": "0.17.18",
                "@esbuild/win32-x64": "0.17.18"
            }
        },
        "follow-redirects": {
            "version": "1.15.2",
            "resolved": "https://registry.npmjs.org/follow-redirects/-/follow-redirects-1.15.2.tgz",
            "integrity": "sha512-VQLG33o04KaQ8uYi2tVNbdrWp1QWxNNea+nmIB4EVM28v0hmP17z7aG1+wAkNzVq4KeXTq3221ye5qTJP91JwA==",
            "dev": true
        },
        "form-data": {
            "version": "4.0.0",
            "resolved": "https://registry.npmjs.org/form-data/-/form-data-4.0.0.tgz",
            "integrity": "sha512-ETEklSGi5t0QMZuiXoA/Q6vcnxcLQP5vdugSpuAyi6SVGi2clPPp+xgEhuMaHC+zGgn31Kd235W35f7Hykkaww==",
            "dev": true,
            "requires": {
                "asynckit": "^0.4.0",
                "combined-stream": "^1.0.8",
                "mime-types": "^2.1.12"
            }
        },
        "generic-pool": {
            "version": "3.9.0",
            "resolved": "https://registry.npmjs.org/generic-pool/-/generic-pool-3.9.0.tgz",
            "integrity": "sha512-hymDOu5B53XvN4QT9dBmZxPX4CWhBPPLguTZ9MMFeFa/Kg0xWVfylOVNlJji/E7yTZWFd/q9GO5TxDLq156D7g=="
        },
        "laravel-echo": {
            "version": "https://registry.npmjs.org/laravel-echo/-/laravel-echo-1.15.1.tgz",
            "integrity": "sha512-rW9XTXqs1v3sgcSFz7aE3/MPa2lfZjnsV/hrjyS/VYecQAx1lSP0hg3KumuR6ftkeneM093tVvTkRyKFumSyXg=="
        },
        "laravel-vite-plugin": {
            "version": "0.7.4",
            "resolved": "https://registry.npmjs.org/laravel-vite-plugin/-/laravel-vite-plugin-0.7.4.tgz",
            "integrity": "sha512-NlIuXbeuI+4NZzRpWNpGHRVTwuFWessvD7QoD+o2MlyAi7qyUS4J8r4/yTlu1dl9lxcR7iKoYUmHQqZDcrw2KA==",
            "dev": true,
            "requires": {
                "picocolors": "^1.0.0",
                "vite-plugin-full-reload": "^1.0.5"
            }
        },
        "lodash": {
            "version": "4.17.21",
            "resolved": "https://registry.npmjs.org/lodash/-/lodash-4.17.21.tgz",
            "integrity": "sha512-v2kDEe57lecTulaDIuNTPy3Ry4gLGJ6Z1O3vE1krgXZNrsQ+LFTGHVxVjcXPs17LhbZVGedAJv8XZ1tvj5FvSg==",
            "dev": true
        },
        "mime-db": {
            "version": "1.52.0",
            "resolved": "https://registry.npmjs.org/mime-db/-/mime-db-1.52.0.tgz",
            "integrity": "sha512-sPU4uV7dYlvtWJxwwxHD0PuihVNiE7TyAbQ5SWxDCB9mUYvOgroQOwYQQOKPJ8CIbE+1ETVlOoK1UC2nU3gYvg==",
            "dev": true
        },
        "mime-types": {
            "version": "2.1.35",
            "resolved": "https://registry.npmjs.org/mime-types/-/mime-types-2.1.35.tgz",
            "integrity": "sha512-ZDY+bPm5zTTF+YpCrAU9nK0UgICYPT0QtT1NZWFv4s++TNkcgVaT0g6+4R2uI4MjQjzysHB1zxuWL50hzaeXiw==",
            "dev": true,
            "requires": {
                "mime-db": "1.52.0"
            }
        },
        "nanoid": {
            "version": "3.3.6",
            "resolved": "https://registry.npmjs.org/nanoid/-/nanoid-3.3.6.tgz",
            "integrity": "sha512-BGcqMMJuToF7i1rt+2PWSNVnWIkGCU78jBG3RxO/bZlnZPK2Cmi2QaffxGO/2RvWi9sL+FAiRiXMgsyxQ1DIDA==",
            "dev": true
        },
        "picocolors": {
            "version": "1.0.0",
            "resolved": "https://registry.npmjs.org/picocolors/-/picocolors-1.0.0.tgz",
            "integrity": "sha512-1fygroTLlHu66zi26VoTDv8yRgm0Fccecssto+MhsZ0D/DGW2sm8E8AjW7NU5VVTRt5GxbeZ5qBuJr+HyLYkjQ==",
            "dev": true
        },
        "picomatch": {
            "version": "2.3.1",
            "resolved": "https://registry.npmjs.org/picomatch/-/picomatch-2.3.1.tgz",
            "integrity": "sha512-JU3teHTNjmE2VCGFzuY8EXzCDVwEqB2a8fsIvwaStHhAWJEeVd1o1QD80CU6+ZdEXXSLbSsuLwJjkCBWqRQUVA==",
            "dev": true
        },
        "postcss": {
            "version": "8.4.23",
            "resolved": "https://registry.npmjs.org/postcss/-/postcss-8.4.23.tgz",
            "integrity": "sha512-bQ3qMcpF6A/YjR55xtoTr0jGOlnPOKAIMdOWiv0EIT6HVPEaJiJB4NLljSbiHoC2RX7DN5Uvjtpbg1NPdwv1oA==",
            "dev": true,
            "requires": {
                "nanoid": "^3.3.6",
                "picocolors": "^1.0.0",
                "source-map-js": "^1.0.2"
            }
        },
        "promise-queue": {
            "version": "2.2.5",
            "resolved": "https://registry.npmjs.org/promise-queue/-/promise-queue-2.2.5.tgz",
            "integrity": "sha512-p/iXrPSVfnqPft24ZdNNLECw/UrtLTpT3jpAAMzl/o5/rDsGCPo3/CQS2611flL6LkoEJ3oQZw7C8Q80ZISXRQ=="
        },
        "proxy-from-env": {
            "version": "1.1.0",
            "resolved": "https://registry.npmjs.org/proxy-from-env/-/proxy-from-env-1.1.0.tgz",
            "integrity": "sha512-D+zkORCbA9f1tdWRK0RaCR3GPv50cMxcrz4X8k5LTSUD1Dkw47mKJEZQNunItRTkWwgtaUSo1RVFRIG9ZXiFYg==",
            "dev": true
        },
        "redis": {
            "version": "https://registry.npmjs.org/redis/-/redis-4.6.6.tgz",
            "integrity": "sha512-aLs2fuBFV/VJ28oLBqYykfnhGGkFxvx0HdCEBYdJ99FFbSEMZ7c1nVKwR6ZRv+7bb7JnC0mmCzaqu8frgOYhpA==",
            "requires": {
                "@redis/bloom": "1.2.0",
                "@redis/client": "1.5.7",
                "@redis/graph": "1.1.0",
                "@redis/json": "1.0.4",
                "@redis/search": "1.1.2",
                "@redis/time-series": "1.0.4"
            }
        },
        "redis-server": {
            "version": "https://registry.npmjs.org/redis-server/-/redis-server-1.2.2.tgz",
            "integrity": "sha512-pOaSIeSMVFkEFIuaMtpQ3TOr3uI4sUmEHm4ofGks5vTPRseHUszxyIlC70IFjUR9qSeH8o/ARZEM8dqcJmgGJw==",
            "requires": {
                "promise-queue": "^2.2.5"
            }
        },
        "rollup": {
            "version": "3.21.3",
            "resolved": "https://registry.npmjs.org/rollup/-/rollup-3.21.3.tgz",
            "integrity": "sha512-VnPfEG51nIv2xPLnZaekkuN06q9ZbnyDcLkaBdJa/W7UddyhOfMP2yOPziYQfeY7k++fZM8FdQIummFN5y14kA==",
            "dev": true,
            "requires": {
                "fsevents": "~2.3.2"
            }
        },
        "source-map-js": {
            "version": "1.0.2",
            "resolved": "https://registry.npmjs.org/source-map-js/-/source-map-js-1.0.2.tgz",
            "integrity": "sha512-R0XvVJ9WusLiqTCEiGCmICCMplcCkIwwR11mOSD9CR5u+IXYdiseeEuXCVAjS54zqwkLcPNnmU4OeJ6tUrWhDw==",
            "dev": true
        },
        "vite": {
            "version": "4.3.4",
            "resolved": "https://registry.npmjs.org/vite/-/vite-4.3.4.tgz",
            "integrity": "sha512-f90aqGBoxSFxWph2b39ae2uHAxm5jFBBdnfueNxZAT1FTpM13ccFQExCaKbR2xFW5atowjleRniQ7onjJ22QEg==",
            "dev": true,
            "requires": {
                "esbuild": "^0.17.5",
                "fsevents": "~2.3.2",
                "postcss": "^8.4.23",
                "rollup": "^3.21.0"
            }
        },
        "vite-plugin-full-reload": {
            "version": "1.0.5",
            "resolved": "https://registry.npmjs.org/vite-plugin-full-reload/-/vite-plugin-full-reload-1.0.5.tgz",
            "integrity": "sha512-kVZFDFWr0DxiHn6MuDVTQf7gnWIdETGlZh0hvTiMXzRN80vgF4PKbONSq8U1d0WtHsKaFODTQgJeakLacoPZEQ==",
            "dev": true,
            "requires": {
                "picocolors": "^1.0.0",
                "picomatch": "^2.3.1"
            }
        },
        "yallist": {
            "version": "4.0.0",
            "resolved": "https://registry.npmjs.org/yallist/-/yallist-4.0.0.tgz",
            "integrity": "sha512-3wdGidZyq5PB084XLES5TpOSRA3wjXAlIWMhum2kRcv/41Sn2emQ0dycQW4uZXLejwKvg6EsvbdlVL+FYEct7A=="
        }
    }
}
